PODS:
  - Alamofire (5.4.3)
  - CocoaLumberjack/Core (3.7.2)
  - CocoaLumberjack/Swift (3.7.2):
    - CocoaLumberjack/Core
  - PromiseKit (6.13.1):
    - PromiseKit/CorePromise (= 6.13.1)
    - PromiseKit/Foundation (= 6.13.1)
    - PromiseKit/UIKit (= 6.13.1)
  - PromiseKit/CorePromise (6.13.1)
  - PromiseKit/Foundation (6.13.1):
    - PromiseKit/CorePromise
  - PromiseKit/UIKit (6.13.1):
    - PromiseKit/CorePromise
  - RxCocoa (6.1.0):
    - RxRelay (= 6.1.0)
    - RxSwift (= 6.1.0)
  - RxGesture (4.0.2):
    - RxCocoa (~> 6.0)
    - RxSwift (~> 6.0)
  - RxRelay (6.1.0):
    - RxSwift (= 6.1.0)
  - RxSwift (6.1.0)
  - SnapKit (5.0.1)
  - SwiftyJSON (5.0.1)

DEPENDENCIES:
  - Alamofire (~> 5.1)
  - CocoaLumberjack/Swift
  - PromiseKit (~> 6.8)
  - RxCocoa
  - RxGesture
  - RxSwift
  - SnapKit (~> 5.0.0)
  - SwiftyJSON

SPEC REPOS:
  trunk:
    - Alamofire
    - CocoaLumberjack
    - PromiseKit
    - RxCocoa
    - RxGesture
    - RxRelay
    - RxSwift
    - SnapKit
    - SwiftyJSON

SPEC CHECKSUMS:
  Alamofire: e447a2774a40c996748296fa2c55112fdbbc42f9
  CocoaLumberjack: b7e05132ff94f6ae4dfa9d5bce9141893a21d9da
  PromiseKit: 28fda91c973cc377875d8c0ea4f973013c05b6db
  RxCocoa: 5c51f02d562cbd94629f6c26cf0c80fe4ab8d343
  RxGesture: f059f2aeef966fb17dad56ee440e76410f10e55f
  RxRelay: 483e1a19fad961b41f0b0c0bee506f46c1ae14fe
  RxSwift: a834e5c538e89eca0cae86f403f4fbf0336786ce
  SnapKit: 97b92857e3df3a0c71833cce143274bf6ef8e5eb
  SwiftyJSON: 2f33a42c6fbc52764d96f13368585094bfd8aa5e

PODFILE CHECKSUM: a1cc1768aa3798c7a59b7e3f2fbd4f9901badf7c

COCOAPODS: 1.9.3
